
Microsoft Visual Studio Solution File, Format Version 12.00
# Visual Studio Version 17
VisualStudioVersion = 17.9.34616.47
MinimumVisualStudioVersion = 10.0.40219.1
Project("{9A19103F-16F7-4668-BE54-9A1E7A4F7556}") = "Stylesheet.NET", "Stylesheet.NET\Stylesheet.NET.csproj", "{3FB1622C-2F06-482F-9661-C4D294EED64A}"
EndProject
Project("{FAE04EC0-301F-11D3-BF4B-00C04F79EFBC}") = "ExampleTest", "Test\ExampleTest.csproj", "{B4ACE3C5-1337-4BF1-B1D5-2563E65046AD}"
EndProject
Global
	GlobalSection(SolutionConfigurationPlatforms) = preSolution
		Debug|Any CPU = Debug|Any CPU
		Release|Any CPU = Release|Any CPU
	EndGlobalSection
	GlobalSection(ProjectConfigurationPlatforms) = postSolution
		{3FB1622C-2F06-482F-9661-C4D294EED64A}.Debug|Any CPU.ActiveCfg = Debug|Any CPU
		{3FB1622C-2F06-482F-9661-C4D294EED64A}.Debug|Any CPU.Build.0 = Debug|Any CPU
		{3FB1622C-2F06-482F-9661-C4D294EED64A}.Release|Any CPU.ActiveCfg = Release|Any CPU
		{3FB1622C-2F06-482F-9661-C4D294EED64A}.Release|Any CPU.Build.0 = Release|Any CPU
		{B4ACE3C5-1337-4BF1-B1D5-2563E65046AD}.Debug|Any CPU.ActiveCfg = Debug|Any CPU
		{B4ACE3C5-1337-4BF1-B1D5-2563E65046AD}.Debug|Any CPU.Build.0 = Debug|Any CPU
		{B4ACE3C5-1337-4BF1-B1D5-2563E65046AD}.Release|Any CPU.ActiveCfg = Release|Any CPU
		{B4ACE3C5-1337-4BF1-B1D5-2563E65046AD}.Release|Any CPU.Build.0 = Release|Any CPU
	EndGlobalSection
	GlobalSection(SolutionProperties) = preSolution
		HideSolutionNode = FALSE
	EndGlobalSection
	GlobalSection(ExtensibilityGlobals) = postSolution
		SolutionGuid = {CCE00D60-8D9C-4AF7-B21A-77EB0E21CB4A}
	EndGlobalSection
EndGlobal
